
Microsoft Visual Studio Solution File, Format Version 12.00
# Visual Studio 14
VisualStudioVersion = 14.0.23107.0
MinimumVisualStudioVersion = 10.0.40219.1
Project("{FAE04EC0-301F-11D3-BF4B-00C04F79EFBC}") = "SC_Offer", "SC_Offer\SC_Offer.csproj", "{ADFCBF8B-3A82-4F11-869A-719AC3FE0053}"
	ProjectSection(ProjectDependencies) = postProject
		{F9F7F049-078D-45F7-B5B4-63D643F26377} = {F9F7F049-078D-45F7-B5B4-63D643F26377}
	EndProjectSection
EndProject
Project("{FAE04EC0-301F-11D3-BF4B-00C04F79EFBC}") = "SC_DAO", "SC_DAO\SC_DAO.csproj", "{CC375FFD-818B-4B95-9E6A-558823B17190}"
EndProject
Project("{FAE04EC0-301F-11D3-BF4B-00C04F79EFBC}") = "SC_LIB", "SC_LIB\SC_LIB.csproj", "{7A253E90-FE56-4940-A902-252719E7AD60}"
EndProject
Project("{FAE04EC0-301F-11D3-BF4B-00C04F79EFBC}") = "ExcelTool", "ExcelTool\ExcelTool.csproj", "{F9F7F049-078D-45F7-B5B4-63D643F26377}"
EndProject
Global
	GlobalSection(SolutionConfigurationPlatforms) = preSolution
		Debug|Any CPU = Debug|Any CPU
		Release|Any CPU = Release|Any CPU
	EndGlobalSection
	GlobalSection(ProjectConfigurationPlatforms) = postSolution
		{ADFCBF8B-3A82-4F11-869A-719AC3FE0053}.Debug|Any CPU.ActiveCfg = Debug|Any CPU
		{ADFCBF8B-3A82-4F11-869A-719AC3FE0053}.Debug|Any CPU.Build.0 = Debug|Any CPU
		{ADFCBF8B-3A82-4F11-869A-719AC3FE0053}.Release|Any CPU.ActiveCfg = Release|Any CPU
		{ADFCBF8B-3A82-4F11-869A-719AC3FE0053}.Release|Any CPU.Build.0 = Release|Any CPU
		{CC375FFD-818B-4B95-9E6A-558823B17190}.Debug|Any CPU.ActiveCfg = Debug|Any CPU
		{CC375FFD-818B-4B95-9E6A-558823B17190}.Debug|Any CPU.Build.0 = Debug|Any CPU
		{CC375FFD-818B-4B95-9E6A-558823B17190}.Release|Any CPU.ActiveCfg = Release|Any CPU
		{CC375FFD-818B-4B95-9E6A-558823B17190}.Release|Any CPU.Build.0 = Release|Any CPU
		{7A253E90-FE56-4940-A902-252719E7AD60}.Debug|Any CPU.ActiveCfg = Debug|Any CPU
		{7A253E90-FE56-4940-A902-252719E7AD60}.Debug|Any CPU.Build.0 = Debug|Any CPU
		{7A253E90-FE56-4940-A902-252719E7AD60}.Release|Any CPU.ActiveCfg = Release|Any CPU
		{7A253E90-FE56-4940-A902-252719E7AD60}.Release|Any CPU.Build.0 = Release|Any CPU
		{F9F7F049-078D-45F7-B5B4-63D643F26377}.Debug|Any CPU.ActiveCfg = Debug|Any CPU
		{F9F7F049-078D-45F7-B5B4-63D643F26377}.Debug|Any CPU.Build.0 = Debug|Any CPU
		{F9F7F049-078D-45F7-B5B4-63D643F26377}.Release|Any CPU.ActiveCfg = Release|Any CPU
		{F9F7F049-078D-45F7-B5B4-63D643F26377}.Release|Any CPU.Build.0 = Release|Any CPU
	EndGlobalSection
	GlobalSection(SolutionProperties) = preSolution
		HideSolutionNode = FALSE
	EndGlobalSection
EndGlobal
